
Microsoft Visual Studio Solution File, Format Version 12.00
# Visual Studio Version 16
VisualStudioVersion = 16.0.29403.142
MinimumVisualStudioVersion = 10.0.40219.1
Project("{FAE04EC0-301F-11D3-BF4B-00C04F79EFBC}") = "Lab_2.2", "Lab_2.2.csproj", "{ADE952F6-9363-4E79-8CDB-524F15362F6A}"
EndProject
Global
	GlobalSection(SolutionConfigurationPlatforms) = preSolution
		Debug|Any CPU = Debug|Any CPU
		Release|Any CPU = Release|Any CPU
	EndGlobalSection
	GlobalSection(ProjectConfigurationPlatforms) = postSolution
		{ADE952F6-9363-4E79-8CDB-524F15362F6A}.Debug|Any CPU.ActiveCfg = Debug|Any CPU
		{ADE952F6-9363-4E79-8CDB-524F15362F6A}.Debug|Any CPU.Build.0 = Debug|Any CPU
		{ADE952F6-9363-4E79-8CDB-524F15362F6A}.Release|Any CPU.ActiveCfg = Release|Any CPU
		{ADE952F6-9363-4E79-8CDB-524F15362F6A}.Release|Any CPU.Build.0 = Release|Any CPU
	EndGlobalSection
	GlobalSection(SolutionProperties) = preSolution
		HideSolutionNode = FALSE
	EndGlobalSection
	GlobalSection(ExtensibilityGlobals) = postSolution
		SolutionGuid = {3395B354-0499-48B7-82D9-33FF2D604FFA}
	EndGlobalSection
EndGlobal
